<?xml version="1.0" encoding="utf-8"?>
<Project ToolsVersion="4.0" xmlns="http://schemas.microsoft.com/developer/msbuild/2003">
  <ItemGroup>
    <ClCompile Include="main.cpp" />
    <ClCompile Include="raytrace.cpp" />
    <ClCompile Include="AO.cpp" />
    <ClCompile Include="SSAO.cpp" />
  </ItemGroup>
  <ItemGroup>
    <ClInclude Include="image.h" />
    <ClInclude Include="raytrace.h" />
    <ClInclude Include="AO.h" />
    <ClInclude Include="SSAO.h" />
  </ItemGroup>
</Project>